// !$*UTF8*$!
{
	archiveVersion = 1;
	classes = {
	};
	objectVersion = 50;
	objects = {

/* Begin PBXBuildFile section */
		9CEEB67B25946E4B00114871 /* AppDelegate.swift in Sources */ = {isa = PBXBuildFile; fileRef = 9CEEB67A25946E4B00114871 /* AppDelegate.swift */; };
		9CEEB67D25946E4B00114871 /* SceneDelegate.swift in Sources */ = {isa = PBXBuildFile; fileRef = 9CEEB67C25946E4B00114871 /* SceneDelegate.swift */; };
		9CEEB67F25946E4B00114871 /* ViewController.swift in Sources */ = {isa = PBXBuildFile; fileRef = 9CEEB67E25946E4B00114871 /* ViewController.swift */; };
		9CEEB68225946E4B00114871 /* Main.storyboard in Resources */ = {isa = PBXBuildFile; fileRef = 9CEEB68025946E4B00114871 /* Main.storyboard */; };
		9CEEB68425946E4C00114871 /* Assets.xcassets in Resources */ = {isa = PBXBuildFile; fileRef = 9CEEB68325946E4C00114871 /* Assets.xcassets */; };
		9CEEB68725946E4C00114871 /* LaunchScreen.storyboard in Resources */ = {isa = PBXBuildFile; fileRef = 9CEEB68525946E4C00114871 /* LaunchScreen.storyboard */; };
		9CEEB69225946E4C00114871 /* TippyTests.swift in Sources */ = {isa = PBXBuildFile; fileRef = 9CEEB69125946E4C00114871 /* TippyTests.swift */; };
		9CEEB69D25946E4C00114871 /* TippyUITests.swift in Sources */ = {isa = PBXBuildFile; fileRef = 9CEEB69C25946E4C00114871 /* TippyUITests.swift */; };
		9CEEB6AE2597E7EE00114871 /* SettingsViewController.swift in Sources */ = {isa = PBXBuildFile; fileRef = 9CEEB6AD2597E7EE00114871 /* SettingsViewController.swift */; };
/* End PBXBuildFile section */

/* Begin PBXContainerItemProxy section */
		9CEEB68E25946E4C00114871 /* PBXContainerItemProxy */ = {
			isa = PBXContainerItemProxy;
			containerPortal = 9CEEB66F25946E4B00114871 /* Project object */;
			proxyType = 1;
			remoteGlobalIDString = 9CEEB67625946E4B00114871;
			remoteInfo = Tippy;
		};
		9CEEB69925946E4C00114871 /* PBXContainerItemProxy */ = {
			isa = PBXContainerItemProxy;
			containerPortal = 9CEEB66F25946E4B00114871 /* Project object */;
			proxyType = 1;
			remoteGlobalIDString = 9CEEB67625946E4B00114871;
			remoteInfo = Tippy;
		};
/* End PBXContainerItemProxy section */

/* Begin PBXFileReference section */
		9CEEB67725946E4B00114871 /* Tippy.app */ = {isa = PBXFileReference; explicitFileType = wrapper.application; includeInIndex = 0; path = Tippy.app; sourceTree = BUILT_PRODUCTS_DIR; };
		9CEEB67A25946E4B00114871 /* AppDelegate.swift */ = {isa = PBXFileReference; lastKnownFileType = sourcecode.swift; path = AppDelegate.swift; sourceTree = "<group>"; };
		9CEEB67C25946E4B00114871 /* SceneDelegate.swift */ = {isa = PBXFileReference; lastKnownFileType = sourcecode.swift; path = SceneDelegate.swift; sourceTree = "<group>"; };
		9CEEB67E25946E4B00114871 /* ViewController.swift */ = {isa = PBXFileReference; lastKnownFileType = sourcecode.swift; path = ViewController.swift; sourceTree = "<group>"; };
		9CEEB68125946E4B00114871 /* Base */ = {isa = PBXFileReference; lastKnownFileType = file.storyboard; name = Base; path = Base.lproj/Main.storyboard; sourceTree = "<group>"; };
		9CEEB68325946E4C00114871 /* Assets.xcassets */ = {isa = PBXFileReference; lastKnownFileType = folder.assetcatalog; path = Assets.xcassets; sourceTree = "<group>"; };
		9CEEB68625946E4C00114871 /* Base */ = {isa = PBXFileReference; lastKnownFileType = file.storyboard; name = Base; path = Base.lproj/LaunchScreen.storyboard; sourceTree = "<group>"; };
		9CEEB68825946E4C00114871 /* Info.plist */ = {isa = PBXFileReference; lastKnownFileType = text.plist.xml; path = Info.plist; sourceTree = "<group>"; };
		9CEEB68D25946E4C00114871 /* TippyTests.xctest */ = {isa = PBXFileReference; explicitFileType = wrapper.cfbundle; includeInIndex = 0; path = TippyTests.xctest; sourceTree = BUILT_PRODUCTS_DIR; };
		9CEEB69125946E4C00114871 /* TippyTests.swift */ = {isa = PBXFileReference; lastKnownFileType = sourcecode.swift; path = TippyTests.swift; sourceTree = "<group>"; };
		9CEEB69325946E4C00114871 /* Info.plist */ = {isa = PBXFileReference; lastKnownFileType = text.plist.xml; path = Info.plist; sourceTree = "<group>"; };
		9CEEB69825946E4C00114871 /* TippyUITests.xctest */ = {isa = PBXFileReference; explicitFileType = wrapper.cfbundle; includeInIndex = 0; path = TippyUITests.xctest; sourceTree = BUILT_PRODUCTS_DIR; };
		9CEEB69C25946E4C00114871 /* TippyUITests.swift */ = {isa = PBXFileReference; lastKnownFileType = sourcecode.swift; path = TippyUITests.swift; sourceTree = "<group>"; };
		9CEEB69E25946E4C00114871 /* Info.plist */ = {isa = PBXFileReference; lastKnownFileType = text.plist.xml; path = Info.plist; sourceTree = "<group>"; };
		9CEEB6AD2597E7EE00114871 /* SettingsViewController.swift */ = {isa = PBXFileReference; lastKnownFileType = sourcecode.swift; path = SettingsViewController.swift; sourceTree = "<group>"; };
/* End PBXFileReference section */

/* Begin PBXFrameworksBuildPhase section */
		9CEEB67425946E4B00114871 /* Frameworks */ = {
			isa = PBXFrameworksBuildPhase;
			buildActionMask = 2147483647;
			files = (
			);
			runOnlyForDeploymentPostprocessing = 0;
		};
		9CEEB68A25946E4C00114871 /* Frameworks */ = {
			isa = PBXFrameworksBuildPhase;
			buildActionMask = 2147483647;
			files = (
			);
			runOnlyForDeploymentPostprocessing = 0;
		};
		9CEEB69525946E4C00114871 /* Frameworks */ = {
			isa = PBXFrameworksBuildPhase;
			buildActionMask = 2147483647;
			files = (
			);
			runOnlyForDeploymentPostprocessing = 0;
		};
/* End PBXFrameworksBuildPhase section */

/* Begin PBXGroup section */
		9CEEB66E25946E4B00114871 = {
			isa = PBXGroup;
			children = (
				9CEEB67925946E4B00114871 /* Tippy */,
				9CEEB69025946E4C00114871 /* TippyTests */,
				9CEEB69B25946E4C00114871 /* TippyUITests */,
				9CEEB67825946E4B00114871 /* Products */,
			);
			sourceTree = "<group>";
		};
		9CEEB67825946E4B00114871 /* Products */ = {
			isa = PBXGroup;
			children = (
				9CEEB67725946E4B00114871 /* Tippy.app */,
				9CEEB68D25946E4C00114871 /* TippyTests.xctest */,
				9CEEB69825946E4C00114871 /* TippyUITests.xctest */,
			);
			name = Products;
			sourceTree = "<group>";
		};
		9CEEB67925946E4B00114871 /* Tippy */ = {
			isa = PBXGroup;
			children = (
				9CEEB67A25946E4B00114871 /* AppDelegate.swift */,
				9CEEB67C25946E4B00114871 /* SceneDelegate.swift */,
				9CEEB67E25946E4B00114871 /* ViewController.swift */,
				9CEEB68025946E4B00114871 /* Main.storyboard */,
				9CEEB6AD2597E7EE00114871 /* SettingsViewController.swift */,
				9CEEB68325946E4C00114871 /* Assets.xcassets */,
				9CEEB68525946E4C00114871 /* LaunchScreen.storyboard */,
				9CEEB68825946E4C00114871 /* Info.plist */,
			);
			path = Tippy;
			sourceTree = "<group>";
		};
		9CEEB69025946E4C00114871 /* TippyTests */ = {
			isa = PBXGroup;
			children = (
				9CEEB69125946E4C00114871 /* TippyTests.swift */,
				9CEEB69325946E4C00114871 /* Info.plist */,
			);
			path = TippyTests;
			sourceTree = "<group>";
		};
		9CEEB69B25946E4C00114871 /* TippyUITests */ = {
			isa = PBXGroup;
			children = (
				9CEEB69C25946E4C00114871 /* TippyUITests.swift */,
				9CEEB69E25946E4C00114871 /* Info.plist */,
			);
			path = TippyUITests;
			sourceTree = "<group>";
		};
/* End PBXGroup section */

/* Begin PBXNativeTarget section */
		9CEEB67625946E4B00114871 /* Tippy */ = {
			isa = PBXNativeTarget;
			buildConfigurationList = 9CEEB6A125946E4C00114871 /* Build configuration list for PBXNativeTarget "Tippy" */;
			buildPhases = (
				9CEEB67325946E4B00114871 /* Sources */,
				9CEEB67425946E4B00114871 /* Frameworks */,
				9CEEB67525946E4B00114871 /* Resources */,
			);
			buildRules = (
			);
			dependencies = (
			);
			name = Tippy;
			productName = Tippy;
			productReference = 9CEEB67725946E4B00114871 /* Tippy.app */;
			productType = "com.apple.product-type.application";
		};
		9CEEB68C25946E4C00114871 /* TippyTests */ = {
			isa = PBXNativeTarget;
			buildConfigurationList = 9CEEB6A425946E4C00114871 /* Build configuration list for PBXNativeTarget "TippyTests" */;
			buildPhases = (
				9CEEB68925946E4C00114871 /* Sources */,
				9CEEB68A25946E4C00114871 /* Frameworks */,
				9CEEB68B25946E4C00114871 /* Resources */,
			);
			buildRules = (
			);
			dependencies = (
				9CEEB68F25946E4C00114871 /* PBXTargetDependency */,
			);
			name = TippyTests;
			productName = TippyTests;
			productReference = 9CEEB68D25946E4C00114871 /* TippyTests.xctest */;
			productType = "com.apple.product-type.bundle.unit-test";
		};
		9CEEB69725946E4C00114871 /* TippyUITests */ = {
			isa = PBXNativeTarget;
			buildConfigurationList = 9CEEB6A725946E4C00114871 /* Build configuration list for PBXNativeTarget "TippyUITests" */;
			buildPhases = (
				9CEEB69425946E4C00114871 /* Sources */,
				9CEEB69525946E4C00114871 /* Frameworks */,
				9CEEB69625946E4C00114871 /* Resources */,
			);
			buildRules = (
			);
			dependencies = (
				9CEEB69A25946E4C00114871 /* PBXTargetDependency */,
			);
			name = TippyUITests;
			productName = TippyUITests;
			productReference = 9CEEB69825946E4C00114871 /* TippyUITests.xctest */;
			productType = "com.apple.product-type.bundle.ui-testing";
		};
/* End PBXNativeTarget section */

/* Begin PBXProject section */
		9CEEB66F25946E4B00114871 /* Project object */ = {
			isa = PBXProject;
			attributes = {
				LastSwiftUpdateCheck = 1230;
				LastUpgradeCheck = 1230;
				TargetAttributes = {
					9CEEB67625946E4B00114871 = {
						CreatedOnToolsVersion = 12.3;
					};
					9CEEB68C25946E4C00114871 = {
						CreatedOnToolsVersion = 12.3;
						TestTargetID = 9CEEB67625946E4B00114871;
					};
					9CEEB69725946E4C00114871 = {
						CreatedOnToolsVersion = 12.3;
						TestTargetID = 9CEEB67625946E4B00114871;
					};
				};
			};
			buildConfigurationList = 9CEEB67225946E4B00114871 /* Build configuration list for PBXProject "Tippy" */;
			compatibilityVersion = "Xcode 9.3";
			developmentRegion = en;
			hasScannedForEncodings = 0;
			knownRegions = (
				en,
				Base,
			);
			mainGroup = 9CEEB66E25946E4B00114871;
			productRefGroup = 9CEEB67825946E4B00114871 /* Products */;
			projectDirPath = "";
			projectRoot = "";
			targets = (
				9CEEB67625946E4B00114871 /* Tippy */,
				9CEEB68C25946E4C00114871 /* TippyTests */,
				9CEEB69725946E4C00114871 /* TippyUITests */,
			);
		};
/* End PBXProject section */

/* Begin PBXResourcesBuildPhase section */
		9CEEB67525946E4B00114871 /* Resources */ = {
			isa = PBXResourcesBuildPhase;
			buildActionMask = 2147483647;
			files = (
				9CEEB68725946E4C00114871 /* LaunchScreen.storyboard in Resources */,
				9CEEB68425946E4C00114871 /* Assets.xcassets in Resources */,
				9CEEB68225946E4B00114871 /* Main.storyboard in Resources */,
			);
			runOnlyForDeploymentPostprocessing = 0;
		};
		9CEEB68B25946E4C00114871 /* Resources */ = {
			isa = PBXResourcesBuildPhase;
			buildActionMask = 2147483647;
			files = (
			);
			runOnlyForDeploymentPostprocessing = 0;
		};
		9CEEB69625946E4C00114871 /* Resources */ = {
			isa = PBXResourcesBuildPhase;
			buildActionMask = 2147483647;
			files = (
			);
			runOnlyForDeploymentPostprocessing = 0;
		};
/* End PBXResourcesBuildPhase section */

/* Begin PBXSourcesBuildPhase section */
		9CEEB67325946E4B00114871 /* Sources */ = {
			isa = PBXSourcesBuildPhase;
			buildActionMask = 2147483647;
			files = (
				9CEEB67F25946E4B00114871 /* ViewController.swift in Sources */,
				9CEEB67B25946E4B00114871 /* AppDelegate.swift in Sources */,
				9CEEB67D25946E4B00114871 /* SceneDelegate.swift in Sources */,
				9CEEB6AE2597E7EE00114871 /* SettingsViewController.swift in Sources */,
			);
			runOnlyForDeploymentPostprocessing = 0;
		};
		9CEEB68925946E4C00114871 /* Sources */ = {
			isa = PBXSourcesBuildPhase;
			buildActionMask = 2147483647;
			files = (
				9CEEB69225946E4C00114871 /* TippyTests.swift in Sources */,
			);
			runOnlyForDeploymentPostprocessing = 0;
		};
		9CEEB69425946E4C00114871 /* Sources */ = {
			isa = PBXSourcesBuildPhase;
			buildActionMask = 2147483647;
			files = (
				9CEEB69D25946E4C00114871 /* TippyUITests.swift in Sources */,
			);
			runOnlyForDeploymentPostprocessing = 0;
		};
/* End PBXSourcesBuildPhase section */

/* Begin PBXTargetDependency section */
		9CEEB68F25946E4C00114871 /* PBXTargetDependency */ = {
			isa = PBXTargetDependency;
			target = 9CEEB67625946E4B00114871 /* Tippy */;
			targetProxy = 9CEEB68E25946E4C00114871 /* PBXContainerItemProxy */;
		};
		9CEEB69A25946E4C00114871 /* PBXTargetDependency */ = {
			isa = PBXTargetDependency;
			target = 9CEEB67625946E4B00114871 /* Tippy */;
			targetProxy = 9CEEB69925946E4C00114871 /* PBXContainerItemProxy */;
		};
/* End PBXTargetDependency section */

/* Begin PBXVariantGroup section */
		9CEEB68025946E4B00114871 /* Main.storyboard */ = {
			isa = PBXVariantGroup;
			children = (
				9CEEB68125946E4B00114871 /* Base */,
			);
			name = Main.storyboard;
			sourceTree = "<group>";
		};
		9CEEB68525946E4C00114871 /* LaunchScreen.storyboard */ = {
			isa = PBXVariantGroup;
			children = (
				9CEEB68625946E4C00114871 /* Base */,
			);
			name = LaunchScreen.storyboard;
			sourceTree = "<group>";
		};
/* End PBXVariantGroup section */

/* Begin XCBuildConfiguration section */
		9CEEB69F25946E4C00114871 /* Debug */ = {
			isa = XCBuildConfiguration;
			buildSettings = {
				ALWAYS_SEARCH_USER_PATHS = NO;
				CLANG_ANALYZER_NONNULL = YES;
				CLANG_ANALYZER_NUMBER_OBJECT_CONVERSION = YES_AGGRESSIVE;
				CLANG_CXX_LANGUAGE_STANDARD = "gnu++14";
				CLANG_CXX_LIBRARY = "libc++";
				CLANG_ENABLE_MODULES = YES;
				CLANG_ENABLE_OBJC_ARC = YES;
				CLANG_ENABLE_OBJC_WEAK = YES;
				CLANG_WARN_BLOCK_CAPTURE_AUTORELEASING = YES;
				CLANG_WARN_BOOL_CONVERSION = YES;
				CLANG_WARN_COMMA = YES;
				CLANG_WARN_CONSTANT_CONVERSION = YES;
				CLANG_WARN_DEPRECATED_OBJC_IMPLEMENTATIONS = YES;
				CLANG_WARN_DIRECT_OBJC_ISA_USAGE = YES_ERROR;
				CLANG_WARN_DOCUMENTATION_COMMENTS = YES;
				CLANG_WARN_EMPTY_BODY = YES;
				CLANG_WARN_ENUM_CONVERSION = YES;
				CLANG_WARN_INFINITE_RECURSION = YES;
				CLANG_WARN_INT_CONVERSION = YES;
				CLANG_WARN_NON_LITERAL_NULL_CONVERSION = YES;
				CLANG_WARN_OBJC_IMPLICIT_RETAIN_SELF = YES;
				CLANG_WARN_OBJC_LITERAL_CONVERSION = YES;
				CLANG_WARN_OBJC_ROOT_CLASS = YES_ERROR;
				CLANG_WARN_QUOTED_INCLUDE_IN_FRAMEWORK_HEADER = YES;
				CLANG_WARN_RANGE_LOOP_ANALYSIS = YES;
				CLANG_WARN_STRICT_PROTOTYPES = YES;
				CLANG_WARN_SUSPICIOUS_MOVE = YES;
				CLANG_WARN_UNGUARDED_AVAILABILITY = YES_AGGRESSIVE;
				CLANG_WARN_UNREACHABLE_CODE = YES;
				CLANG_WARN__DUPLICATE_METHOD_MATCH = YES;
				COPY_PHASE_STRIP = NO;
				DEBUG_INFORMATION_FORMAT = dwarf;
				ENABLE_STRICT_OBJC_MSGSEND = YES;
				ENABLE_TESTABILITY = YES;
				GCC_C_LANGUAGE_STANDARD = gnu11;
				GCC_DYNAMIC_NO_PIC = NO;
				GCC_NO_COMMON_BLOCKS = YES;
				GCC_OPTIMIZATION_LEVEL = 0;
				GCC_PREPROCESSOR_DEFINITIONS = (
					"DEBUG=1",
					"$(inherited)",
				);
				GCC_WARN_64_TO_32_BIT_CONVERSION = YES;
				GCC_WARN_ABOUT_RETURN_TYPE = YES_ERROR;
				GCC_WARN_UNDECLARED_SELECTOR = YES;
				GCC_WARN_UNINITIALIZED_AUTOS = YES_AGGRESSIVE;
				GCC_WARN_UNUSED_FUNCTION = YES;
				GCC_WARN_UNUSED_VARIABLE = YES;
				IPHONEOS_DEPLOYMENT_TARGET = 14.3;
				MTL_ENABLE_DEBUG_INFO = INCLUDE_SOURCE;
				MTL_FAST_MATH = YES;
				ONLY_ACTIVE_ARCH = YES;
				SDKROOT = iphoneos;
				SWIFT_ACTIVE_COMPILATION_CONDITIONS = DEBUG;
				SWIFT_OPTIMIZATION_LEVEL = "-Onone";
			};
			name = Debug;
		};
		9CEEB6A025946E4C00114871 /* Release */ = {
			isa = XCBuildConfiguration;
			buildSettings = {
				ALWAYS_SEARCH_USER_PATHS = NO;
				CLANG_ANALYZER_NONNULL = YES;
				CLANG_ANALYZER_NUMBER_OBJECT_CONVERSION = YES_AGGRESSIVE;
				CLANG_CXX_LANGUAGE_STANDARD = "gnu++14";
				CLANG_CXX_LIBRARY = "libc++";
				CLANG_ENABLE_MODULES = YES;
				CLANG_ENABLE_OBJC_ARC = YES;
				CLANG_ENABLE_OBJC_WEAK = YES;
				CLANG_WARN_BLOCK_CAPTURE_AUTORELEASING = YES;
				CLANG_WARN_BOOL_CONVERSION = YES;
				CLANG_WARN_COMMA = YES;
				CLANG_WARN_CONSTANT_CONVERSION = YES;
				CLANG_WARN_DEPRECATED_OBJC_IMPLEMENTATIONS = YES;
				CLANG_WARN_DIRECT_OBJC_ISA_USAGE = YES_ERROR;
				CLANG_WARN_DOCUMENTATION_COMMENTS = YES;
				CLANG_WARN_EMPTY_BODY = YES;
				CLANG_WARN_ENUM_CONVERSION = YES;
				CLANG_WARN_INFINITE_RECURSION = YES;
				CLANG_WARN_INT_CONVERSION = YES;
				CLANG_WARN_NON_LITERAL_NULL_CONVERSION = YES;
				CLANG_WARN_OBJC_IMPLICIT_RETAIN_SELF = YES;
				CLANG_WARN_OBJC_LITERAL_CONVERSION = YES;
				CLANG_WARN_OBJC_ROOT_CLASS = YES_ERROR;
				CLANG_WARN_QUOTED_INCLUDE_IN_FRAMEWORK_HEADER = YES;
				CLANG_WARN_RANGE_LOOP_ANALYSIS = YES;
				CLANG_WARN_STRICT_PROTOTYPES = YES;
				CLANG_WARN_SUSPICIOUS_MOVE = YES;
				CLANG_WARN_UNGUARDED_AVAILABILITY = YES_AGGRESSIVE;
				CLANG_WARN_UNREACHABLE_CODE = YES;
				CLANG_WARN__DUPLICATE_METHOD_MATCH = YES;
				COPY_PHASE_STRIP = NO;
				DEBUG_INFORMATION_FORMAT = "dwarf-with-dsym";
				ENABLE_NS_ASSERTIONS = NO;
				ENABLE_STRICT_OBJC_MSGSEND = YES;
				GCC_C_LANGUAGE_STANDARD = gnu11;
				GCC_NO_COMMON_BLOCKS = YES;
				GCC_WARN_64_TO_32_BIT_CONVERSION = YES;
				GCC_WARN_ABOUT_RETURN_TYPE = YES_ERROR;
				GCC_WARN_UNDECLARED_SELECTOR = YES;
				GCC_WARN_UNINITIALIZED_AUTOS = YES_AGGRESSIVE;
				GCC_WARN_UNUSED_FUNCTION = YES;
				GCC_WARN_UNUSED_VARIABLE = YES;
				IPHONEOS_DEPLOYMENT_TARGET = 14.3;
				MTL_ENABLE_DEBUG_INFO = NO;
				MTL_FAST_MATH = YES;
				SDKROOT = iphoneos;
				SWIFT_COMPILATION_MODE = wholemodule;
				SWIFT_OPTIMIZATION_LEVEL = "-O";
				VALIDATE_PRODUCT = YES;
			};
			name = Release;
		};
		9CEEB6A225946E4C00114871 /* Debug */ = {
			isa = XCBuildConfiguration;
			buildSettings = {
				ASSETCATALOG_COMPILER_APPICON_NAME = AppIcon;
				ASSETCATALOG_COMPILER_GLOBAL_ACCENT_COLOR_NAME = AccentColor;
				CODE_SIGN_STYLE = Automatic;
				INFOPLIST_FILE = Tippy/Info.plist;
				LD_RUNPATH_SEARCH_PATHS = (
					"$(inherited)",
					"@executable_path/Frameworks",
				);
				PRODUCT_BUNDLE_IDENTIFIER = forppl.Tippy;
				PRODUCT_NAME = "$(TARGET_NAME)";
				SWIFT_VERSION = 5.0;
				TARGETED_DEVICE_FAMILY = "1,2";
			};
			name = Debug;
		};
		9CEEB6A325946E4C00114871 /* Release */ = {
			isa = XCBuildConfiguration;
			buildSettings = {
				ASSETCATALOG_COMPILER_APPICON_NAME = AppIcon;
				ASSETCATALOG_COMPILER_GLOBAL_ACCENT_COLOR_NAME = AccentColor;
				CODE_SIGN_STYLE = Automatic;
				INFOPLIST_FILE = Tippy/Info.plist;
				LD_RUNPATH_SEARCH_PATHS = (
					"$(inherited)",
					"@executable_path/Frameworks",
				);
				PRODUCT_BUNDLE_IDENTIFIER = forppl.Tippy;
				PRODUCT_NAME = "$(TARGET_NAME)";
				SWIFT_VERSION = 5.0;
				TARGETED_DEVICE_FAMILY = "1,2";
			};
			name = Release;
		};
		9CEEB6A525946E4C00114871 /* Debug */ = {
			isa = XCBuildConfiguration;
			buildSettings = {
				ALWAYS_EMBED_SWIFT_STANDARD_LIBRARIES = YES;
				BUNDLE_LOADER = "$(TEST_HOST)";
				CODE_SIGN_STYLE = Automatic;
				INFOPLIST_FILE = TippyTests/Info.plist;
				IPHONEOS_DEPLOYMENT_TARGET = 14.3;
				LD_RUNPATH_SEARCH_PATHS = (
					"$(inherited)",
					"@executable_path/Frameworks",
					"@loader_path/Frameworks",
				);
				PRODUCT_BUNDLE_IDENTIFIER = forppl.TippyTests;
				PRODUCT_NAME = "$(TARGET_NAME)";
				SWIFT_VERSION = 5.0;
				TARGETED_DEVICE_FAMILY = "1,2";
				TEST_HOST = "$(BUILT_PRODUCTS_DIR)/Tippy.app/Tippy";
			};
			name = Debug;
		};
		9CEEB6A625946E4C00114871 /* Release */ = {
			isa = XCBuildConfiguration;
			buildSettings = {
				ALWAYS_EMBED_SWIFT_STANDARD_LIBRARIES = YES;
				BUNDLE_LOADER = "$(TEST_HOST)";
				CODE_SIGN_STYLE = Automatic;
				INFOPLIST_FILE = TippyTests/Info.plist;
				IPHONEOS_DEPLOYMENT_TARGET = 14.3;
				LD_RUNPATH_SEARCH_PATHS = (
					"$(inherited)",
					"@executable_path/Frameworks",
					"@loader_path/Frameworks",
				);
				PRODUCT_BUNDLE_IDENTIFIER = forppl.TippyTests;
				PRODUCT_NAME = "$(TARGET_NAME)";
				SWIFT_VERSION = 5.0;
				TARGETED_DEVICE_FAMILY = "1,2";
				TEST_HOST = "$(BUILT_PRODUCTS_DIR)/Tippy.app/Tippy";
			};
			name = Release;
		};
		9CEEB6A825946E4C00114871 /* Debug */ = {
			isa = XCBuildConfiguration;
			buildSettings = {
				ALWAYS_EMBED_SWIFT_STANDARD_LIBRARIES = YES;
				CODE_SIGN_STYLE = Automatic;
				INFOPLIST_FILE = TippyUITests/Info.plist;
				LD_RUNPATH_SEARCH_PATHS = (
					"$(inherited)",
					"@executable_path/Frameworks",
					"@loader_path/Frameworks",
				);
				PRODUCT_BUNDLE_IDENTIFIER = forppl.TippyUITests;
				PRODUCT_NAME = "$(TARGET_NAME)";
				SWIFT_VERSION = 5.0;
				TARGETED_DEVICE_FAMILY = "1,2";
				TEST_TARGET_NAME = Tippy;
			};
			name = Debug;
		};
		9CEEB6A925946E4C00114871 /* Release */ = {
			isa = XCBuildConfiguration;
			buildSettings = {
				ALWAYS_EMBED_SWIFT_STANDARD_LIBRARIES = YES;
				CODE_SIGN_STYLE = Automatic;
				INFOPLIST_FILE = TippyUITests/Info.plist;
				LD_RUNPATH_SEARCH_PATHS = (
					"$(inherited)",
					"@executable_path/Frameworks",
					"@loader_path/Frameworks",
				);
				PRODUCT_BUNDLE_IDENTIFIER = forppl.TippyUITests;
				PRODUCT_NAME = "$(TARGET_NAME)";
				SWIFT_VERSION = 5.0;
				TARGETED_DEVICE_FAMILY = "1,2";
				TEST_TARGET_NAME = Tippy;
			};
			name = Release;
		};
/* End XCBuildConfiguration section */

/* Begin XCConfigurationList section */
		9CEEB67225946E4B00114871 /* Build configuration list for PBXProject "Tippy" */ = {
			isa = XCConfigurationList;
			buildConfigurations = (
				9CEEB69F25946E4C00114871 /* Debug */,
				9CEEB6A025946E4C00114871 /* Release */,
			);
			defaultConfigurationIsVisible = 0;
			defaultConfigurationName = Release;
		};
		9CEEB6A125946E4C00114871 /* Build configuration list for PBXNativeTarget "Tippy" */ = {
			isa = XCConfigurationList;
			buildConfigurations = (
				9CEEB6A225946E4C00114871 /* Debug */,
				9CEEB6A325946E4C00114871 /* Release */,
			);
			defaultConfigurationIsVisible = 0;
			defaultConfigurationName = Release;
		};
		9CEEB6A425946E4C00114871 /* Build configuration list for PBXNativeTarget "TippyTests" */ = {
			isa = XCConfigurationList;
			buildConfigurations = (
				9CEEB6A525946E4C00114871 /* Debug */,
				9CEEB6A625946E4C00114871 /* Release */,
			);
			defaultConfigurationIsVisible = 0;
			defaultConfigurationName = Release;
		};
		9CEEB6A725946E4C00114871 /* Build configuration list for PBXNativeTarget "TippyUITests" */ = {
			isa = XCConfigurationList;
			buildConfigurations = (
				9CEEB6A825946E4C00114871 /* Debug */,
				9CEEB6A925946E4C00114871 /* Release */,
			);
			defaultConfigurationIsVisible = 0;
			defaultConfigurationName = Release;
		};
/* End XCConfigurationList section */
	};
	rootObject = 9CEEB66F25946E4B00114871 /* Project object */;
}
